Microsoft Visual Studio Solution File, Format Version 12.00
# Visual Studio Version 17
VisualStudioVersion = 17.13.35825.156
MinimumVisualStudioVersion = 10.0.40219.1
Project("{FAE04EC0-301F-11D3-BF4B-00C04F79EFBC}") = "HabitLogger2", "HabitLogger2.csproj", "{4AC629B4-081C-4D12-BDCC-FD4BE7D52860}"
EndProject
Global
	GlobalSection(SolutionConfigurationPlatforms) = preSolution
		Debug|Any CPU = Debug|Any CPU
		Release|Any CPU = Release|Any CPU
	EndGlobalSection
	GlobalSection(ProjectConfigurationPlatforms) = postSolution
		{4AC629B4-081C-4D12-BDCC-FD4BE7D52860}.Debug|Any CPU.ActiveCfg = Debug|Any CPU
		{4AC629B4-081C-4D12-BDCC-FD4BE7D52860}.Debug|Any CPU.Build.0 = Debug|Any CPU
		{4AC629B4-081C-4D12-BDCC-FD4BE7D52860}.Release|Any CPU.ActiveCfg = Release|Any CPU
		{4AC629B4-081C-4D12-BDCC-FD4BE7D52860}.Release|Any CPU.Build.0 = Release|Any CPU
	EndGlobalSection
	GlobalSection(SolutionProperties) = preSolution
		HideSolutionNode = FALSE
	EndGlobalSection
	GlobalSection(ExtensibilityGlobals) = postSolution
		SolutionGuid = {4EF9F5B1-032C-4840-9755-2D8C433C6456}
	EndGlobalSection
EndGlobal
